
Microsoft Visual Studio Solution File, Format Version 12.00
# Visual Studio 14
VisualStudioVersion = 14.0.24720.0
MinimumVisualStudioVersion = 10.0.40219.1
Project("{F184B08F-C81C-45F6-A57F-5ABD9991F28F}") = "ChatApp", "ChatApp.vbproj", "{54A4DC0C-5294-4909-B836-2006741181D7}"
EndProject
Project("{F184B08F-C81C-45F6-A57F-5ABD9991F28F}") = "ChatAppServer", "..\ChatAppServer\ChatAppServer.vbproj", "{E3F7F730-D48C-4A6A-B014-00EE9559CCB2}"
EndProject
Global
	GlobalSection(SolutionConfigurationPlatforms) = preSolution
		Debug|Any CPU = Debug|Any CPU
		Release|Any CPU = Release|Any CPU
	EndGlobalSection
	GlobalSection(ProjectConfigurationPlatforms) = postSolution
		{54A4DC0C-5294-4909-B836-2006741181D7}.Debug|Any CPU.ActiveCfg = Debug|Any CPU
		{54A4DC0C-5294-4909-B836-2006741181D7}.Debug|Any CPU.Build.0 = Debug|Any CPU
		{54A4DC0C-5294-4909-B836-2006741181D7}.Release|Any CPU.ActiveCfg = Release|Any CPU
		{54A4DC0C-5294-4909-B836-2006741181D7}.Release|Any CPU.Build.0 = Release|Any CPU
		{E3F7F730-D48C-4A6A-B014-00EE9559CCB2}.Debug|Any CPU.ActiveCfg = Debug|Any CPU
		{E3F7F730-D48C-4A6A-B014-00EE9559CCB2}.Debug|Any CPU.Build.0 = Debug|Any CPU
		{E3F7F730-D48C-4A6A-B014-00EE9559CCB2}.Release|Any CPU.ActiveCfg = Release|Any CPU
		{E3F7F730-D48C-4A6A-B014-00EE9559CCB2}.Release|Any CPU.Build.0 = Release|Any CPU
	EndGlobalSection
	GlobalSection(SolutionProperties) = preSolution
		HideSolutionNode = FALSE
	EndGlobalSection
EndGlobal
